
Microsoft Visual Studio Solution File, Format Version 12.00
Project("{FAE04EC0-301F-11D3-BF4B-00C04F79EFBC}") = "RestaurantApp.Shared", "RestaurantApp.Shared\RestaurantApp.Shared.csproj", "{8967E17C-B4E9-44A2-BF92-03C65BCB8443}"
EndProject
Project("{FAE04EC0-301F-11D3-BF4B-00C04F79EFBC}") = "RestaurantApp.Api", "RestaurantApp.Api\RestaurantApp.Api.csproj", "{3934ECF5-CEE6-47EC-80F1-EB6C08998BD1}"
EndProject
Project("{2150E333-8FDC-42A3-9474-1A3956D46DE8}") = "Solution Items", "Solution Items", "{B0191F45-4F93-43C3-A759-B72743651938}"
	ProjectSection(SolutionItems) = preProject
		compose.yaml = compose.yaml
	EndProjectSection
EndProject
Project("{FAE04EC0-301F-11D3-BF4B-00C04F79EFBC}") = "RestaurantApp.Blazor", "RestaurantApp.Blazor\RestaurantApp.Blazor.csproj", "{6628AC3C-7C3A-4444-8C7D-8422D067E542}"
EndProject
Global
	GlobalSection(SolutionConfigurationPlatforms) = preSolution
		Debug|Any CPU = Debug|Any CPU
		Release|Any CPU = Release|Any CPU
	EndGlobalSection
	GlobalSection(ProjectConfigurationPlatforms) = postSolution
		{8967E17C-B4E9-44A2-BF92-03C65BCB8443}.Debug|Any CPU.ActiveCfg = Debug|Any CPU
		{8967E17C-B4E9-44A2-BF92-03C65BCB8443}.Debug|Any CPU.Build.0 = Debug|Any CPU
		{8967E17C-B4E9-44A2-BF92-03C65BCB8443}.Release|Any CPU.ActiveCfg = Release|Any CPU
		{8967E17C-B4E9-44A2-BF92-03C65BCB8443}.Release|Any CPU.Build.0 = Release|Any CPU
		{3934ECF5-CEE6-47EC-80F1-EB6C08998BD1}.Debug|Any CPU.ActiveCfg = Debug|Any CPU
		{3934ECF5-CEE6-47EC-80F1-EB6C08998BD1}.Debug|Any CPU.Build.0 = Debug|Any CPU
		{3934ECF5-CEE6-47EC-80F1-EB6C08998BD1}.Release|Any CPU.ActiveCfg = Release|Any CPU
		{3934ECF5-CEE6-47EC-80F1-EB6C08998BD1}.Release|Any CPU.Build.0 = Release|Any CPU
		{6628AC3C-7C3A-4444-8C7D-8422D067E542}.Debug|Any CPU.ActiveCfg = Debug|Any CPU
		{6628AC3C-7C3A-4444-8C7D-8422D067E542}.Debug|Any CPU.Build.0 = Debug|Any CPU
		{6628AC3C-7C3A-4444-8C7D-8422D067E542}.Release|Any CPU.ActiveCfg = Release|Any CPU
		{6628AC3C-7C3A-4444-8C7D-8422D067E542}.Release|Any CPU.Build.0 = Release|Any CPU
	EndGlobalSection
EndGlobal
